<Solution>
  <Configurations>
    <Platform Name="x64" />
  </Configurations>
  <Project Path="http-server.vcxproj" Id="c79170d7-ae85-4668-83b3-47d6a6967552">
    <BuildDependency Project="../../../network-library/projects/visual-studio-2026/network-library.vcxproj" />
  </Project>
  <Project Path="../../../network-library/projects/visual-studio-2026/network-library.vcxproj" Id="f5dc2423-cd25-4fa6-ba1d-85294a2d398a" />
</Solution>
